
Microsoft Visual Studio Solution File, Format Version 12.00
# Visual Studio Version 17
VisualStudioVersion = 17.14.36930.0 d17.14
MinimumVisualStudioVersion = 10.0.40219.1
Project("{FAE04EC0-301F-11D3-BF4B-00C04F79EFBC}") = "MisterAutoAndTurbo.Web", "MisterAutoAndTurbo.Web.csproj", "{322C5119-D5C1-4392-A5DB-70AA010E1468}"
EndProject
Global
	GlobalSection(SolutionConfigurationPlatforms) = preSolution
		Debug|Any CPU = Debug|Any CPU
		Release|Any CPU = Release|Any CPU
	EndGlobalSection
	GlobalSection(ProjectConfigurationPlatforms) = postSolution
		{322C5119-D5C1-4392-A5DB-70AA010E1468}.Debug|Any CPU.ActiveCfg = Debug|Any CPU
		{322C5119-D5C1-4392-A5DB-70AA010E1468}.Debug|Any CPU.Build.0 = Debug|Any CPU
		{322C5119-D5C1-4392-A5DB-70AA010E1468}.Release|Any CPU.ActiveCfg = Release|Any CPU
		{322C5119-D5C1-4392-A5DB-70AA010E1468}.Release|Any CPU.Build.0 = Release|Any CPU
	EndGlobalSection
	GlobalSection(SolutionProperties) = preSolution
		HideSolutionNode = FALSE
	EndGlobalSection
	GlobalSection(ExtensibilityGlobals) = postSolution
		SolutionGuid = {28416848-4411-49A4-80F3-923EED7CB055}
	EndGlobalSection
EndGlobal
